# THIS IS AN AUTOGENERATED FILE. DO NOT EDIT THIS FILE DIRECTLY.
# yarn lockfile v1


boolbase@^1.0.0:
  version "1.0.0"
  resolved "https://registry.npm.taobao.org/boolbase/download/boolbase-1.0.0.tgz#68dff5fbe60c51eb37725ea9e3ed310dcc1e776e"
  integrity sha1-aN/1++YMUes3cl6p4+0xDcwed24=

builtin-modules@^3.0.0:
  version "3.2.0"
  resolved "https://registry.npm.taobao.org/builtin-modules/download/builtin-modules-3.2.0.tgz"
  integrity sha1-RdXbmefuXmvE82LgCL+RerUEmIc=

cheerio-select@^1.5.0:
  version "1.5.0"
  resolved "https://registry.nlark.com/cheerio-select/download/cheerio-select-1.5.0.tgz#faf3daeb31b17c5e1a9dabcee288aaf8aafa5823"
  integrity sha1-+vPa6zGxfF4anavO4oiq+Kr6WCM=
  dependencies:
    css-select "^4.1.3"
    css-what "^5.0.1"
    domelementtype "^2.2.0"
    domhandler "^4.2.0"
    domutils "^2.7.0"

cheerio@^1.0.0-rc.10:
  version "1.0.0-rc.10"
  resolved "https://registry.npmmirror.com/cheerio/download/cheerio-1.0.0-rc.10.tgz#2ba3dcdfcc26e7956fc1f440e61d51c643379f3e"
  integrity sha512-g0J0q/O6mW8z5zxQ3A8E8J1hUgp4SMOvEoW/x84OwyHKe/Zccz83PVT4y5Crcr530FV6NgmKI1qvGTKVl9XXVw==
  dependencies:
    cheerio-select "^1.5.0"
    dom-serializer "^1.3.2"
    domhandler "^4.2.0"
    htmlparser2 "^6.1.0"
    parse5 "^6.0.1"
    parse5-htmlparser2-tree-adapter "^6.0.1"
    tslib "^2.2.0"

css-select@^4.1.3:
  version "4.2.1"
  resolved "https://registry.npmmirror.com/css-select/download/css-select-4.2.1.tgz#9e665d6ae4c7f9d65dbe69d0316e3221fb274cdd"
  integrity sha512-/aUslKhzkTNCQUB2qTX84lVmfia9NyjP3WpDGtj/WxhwBzWBYUV3DgUpurHTme8UTPcPlAD1DJ+b0nN/t50zDQ==
  dependencies:
    boolbase "^1.0.0"
    css-what "^5.1.0"
    domhandler "^4.3.0"
    domutils "^2.8.0"
    nth-check "^2.0.1"

css-what@^5.0.1, css-what@^5.1.0:
  version "5.1.0"
  resolved "https://registry.npmmirror.com/css-what/download/css-what-5.1.0.tgz#3f7b707aadf633baf62c2ceb8579b545bb40f7fe"
  integrity sha1-P3tweq32M7r2LCzrhXm1RbtA9/4=

data-uri-to-buffer@^4.0.0:
  version "4.0.0"
  resolved "https://registry.npmmirror.com/data-uri-to-buffer/download/data-uri-to-buffer-4.0.0.tgz?cache=0&sync_timestamp=1632737513412&other_urls=https%3A%2F%2Fregistry.npmmirror.com%2Fdata-uri-to-buffer%2Fdownload%2Fdata-uri-to-buffer-4.0.0.tgz"
  integrity sha1-tdtGrqUPYXZCisBbc745pXcBpks=

dom-serializer@^1.0.1, dom-serializer@^1.3.2:
  version "1.3.2"
  resolved "https://registry.nlark.com/dom-serializer/download/dom-serializer-1.3.2.tgz?cache=0&sync_timestamp=1621256858583&other_urls=https%3A%2F%2Fregistry.nlark.com%2Fdom-serializer%2Fdownload%2Fdom-serializer-1.3.2.tgz#6206437d32ceefaec7161803230c7a20bc1b4d91"
  integrity sha1-YgZDfTLO767HFhgDIwx6ILwbTZE=
  dependencies:
    domelementtype "^2.0.1"
    domhandler "^4.2.0"
    entities "^2.0.0"

domelementtype@^2.0.1, domelementtype@^2.2.0:
  version "2.2.0"
  resolved "https://registry.npm.taobao.org/domelementtype/download/domelementtype-2.2.0.tgz?cache=0&sync_timestamp=1617298495910&other_urls=https%3A%2F%2Fregistry.npm.taobao.org%2Fdomelementtype%2Fdownload%2Fdomelementtype-2.2.0.tgz#9a0b6c2782ed6a1c7323d42267183df9bd8b1d57"
  integrity sha1-mgtsJ4LtahxzI9QiZxg9+b2LHVc=

domhandler@^4.0.0, domhandler@^4.2.0, domhandler@^4.2.2, domhandler@^4.3.0:
  version "4.3.0"
  resolved "https://registry.npmmirror.com/domhandler/download/domhandler-4.3.0.tgz#16c658c626cf966967e306f966b431f77d4a5626"
  integrity sha512-fC0aXNQXqKSFTr2wDNZDhsEYjCiYsDWl3D01kwt25hm1YIPyDGHvvi3rw+PLqHAl/m71MaiF7d5zvBr0p5UB2g==
  dependencies:
    domelementtype "^2.2.0"

domutils@^2.5.2, domutils@^2.7.0, domutils@^2.8.0:
  version "2.8.0"
  resolved "https://registry.nlark.com/domutils/download/domutils-2.8.0.tgz#4437def5db6e2d1f5d6ee859bd95ca7d02048135"
  integrity sha1-RDfe9dtuLR9dbuhZvZXKfQIEgTU=
  dependencies:
    dom-serializer "^1.0.1"
    domelementtype "^2.2.0"
    domhandler "^4.2.0"

entities@^2.0.0:
  version "2.2.0"
  resolved "https://registry.nlark.com/entities/download/entities-2.2.0.tgz#098dc90ebb83d8dffa089d55256b351d34c4da55"
  integrity sha1-CY3JDruD2N/6CJ1VJWs1HTTE2lU=

entities@^3.0.1:
  version "3.0.1"
  resolved "https://registry.nlark.com/entities/download/entities-3.0.1.tgz#2b887ca62585e96db3903482d336c1006c3001d4"
  integrity sha1-K4h8piWF6W2zkDSC0zbBAGwwAdQ=

env-paths@^2.0.0:
  version "2.2.1"
  resolved "https://registry.nlark.com/env-paths/download/env-paths-2.2.1.tgz"
  integrity sha1-QgOZ1BbOH76bwKB8Yvpo1n/Q+PI=

fetch-blob@^3.1.2:
  version "3.1.3"
  resolved "https://registry.npmmirror.com/fetch-blob/download/fetch-blob-3.1.3.tgz"
  integrity sha512-ax1Y5I9w+9+JiM+wdHkhBoxew+zG4AJ2SvAD1v1szpddUIiPERVGBxrMcB2ZqW0Y3PP8bOWYv2zqQq1Jp2kqUQ==
  dependencies:
    web-streams-polyfill "^3.0.3"

formdata-polyfill@^4.0.10:
  version "4.0.10"
  resolved "https://registry.npmmirror.com/formdata-polyfill/download/formdata-polyfill-4.0.10.tgz"
  integrity sha1-JIB8McnUAuACqz2McgFEzriEhCM=
  dependencies:
    fetch-blob "^3.1.2"

htmlparser2@^6.1.0:
  version "6.1.0"
  resolved "https://registry.npmmirror.com/htmlparser2/download/htmlparser2-6.1.0.tgz?cache=0&sync_timestamp=1636640862971&other_urls=https%3A%2F%2Fregistry.npmmirror.com%2Fhtmlparser2%2Fdownload%2Fhtmlparser2-6.1.0.tgz#c4d762b6c3371a05dbe65e94ae43a9f845fb8fb7"
  integrity sha1-xNditsM3GgXb5l6UrkOp+EX7j7c=
  dependencies:
    domelementtype "^2.0.1"
    domhandler "^4.0.0"
    domutils "^2.5.2"
    entities "^2.0.0"

htmlparser2@^7.2.0:
  version "7.2.0"
  resolved "https://registry.npmmirror.com/htmlparser2/download/htmlparser2-7.2.0.tgz?cache=0&sync_timestamp=1636640853072&other_urls=https%3A%2F%2Fregistry.npmmirror.com%2Fhtmlparser2%2Fdownload%2Fhtmlparser2-7.2.0.tgz#8817cdea38bbc324392a90b1990908e81a65f5a5"
  integrity sha512-H7MImA4MS6cw7nbyURtLPO1Tms7C5H602LRETv95z1MxO/7CP7rDVROehUYeYBUYEON94NXXDEPmZuq+hX4sog==
  dependencies:
    domelementtype "^2.0.1"
    domhandler "^4.2.2"
    domutils "^2.8.0"
    entities "^3.0.1"

import-http@^0.3.1:
  version "0.3.1"
  resolved "https://registry.npmmirror.com/import-http/download/import-http-0.3.1.tgz"
  integrity sha1-ta9y0Oyym0TSiB5H6NxAUZXuakc=
  dependencies:
    builtin-modules "^3.0.0"
    env-paths "^2.0.0"
    mkdirp "^0.5.1"
    node-fetch "^2.3.0"

minimist@^1.2.5:
  version "1.2.5"
  resolved "https://registry.nlark.com/minimist/download/minimist-1.2.5.tgz?cache=0&sync_timestamp=1618847003091&other_urls=https%3A%2F%2Fregistry.nlark.com%2Fminimist%2Fdownload%2Fminimist-1.2.5.tgz"
  integrity sha1-Z9ZgFLZqaoqqDAg8X9WN9OTpdgI=

mkdirp@^0.5.1:
  version "0.5.5"
  resolved "https://registry.npmmirror.com/mkdirp/download/mkdirp-0.5.5.tgz"
  integrity sha1-2Rzv1i0UNsoPQWIOJRKI1CAJne8=
  dependencies:
    minimist "^1.2.5"

node-eval@^2.0.0:
  version "2.0.0"
  resolved "https://registry.npm.taobao.org/node-eval/download/node-eval-2.0.0.tgz"
  integrity sha1-rh0Smd60wOQTUvlSjBr2QBZh038=
  dependencies:
    path-is-absolute "1.0.1"

node-fetch@^2.3.0:
  version "2.6.6"
  resolved "https://registry.npmmirror.com/node-fetch/download/node-fetch-2.6.6.tgz"
  integrity sha1-F1GnwBg06OFpd1hzLp77burfr4k=
  dependencies:
    whatwg-url "^5.0.0"

node-fetch@^3.1.0:
  version "3.1.0"
  resolved "https://registry.npmmirror.com/node-fetch/download/node-fetch-3.1.0.tgz"
  integrity sha512-QU0WbIfMUjd5+MUzQOYhenAazakV7Irh1SGkWCsRzBwvm4fAhzEUaHMJ6QLP7gWT6WO9/oH2zhKMMGMuIrDyKw==
  dependencies:
    data-uri-to-buffer "^4.0.0"
    fetch-blob "^3.1.2"
    formdata-polyfill "^4.0.10"

nth-check@^2.0.1:
  version "2.0.1"
  resolved "https://registry.nlark.com/nth-check/download/nth-check-2.0.1.tgz#2efe162f5c3da06a28959fbd3db75dbeea9f0fc2"
  integrity sha1-Lv4WL1w9oGoolZ+9PbddvuqfD8I=
  dependencies:
    boolbase "^1.0.0"

parse5-htmlparser2-tree-adapter@^6.0.1:
  version "6.0.1"
  resolved "https://registry.nlark.com/parse5-htmlparser2-tree-adapter/download/parse5-htmlparser2-tree-adapter-6.0.1.tgz#2cdf9ad823321140370d4dbf5d3e92c7c8ddc6e6"
  integrity sha1-LN+a2CMyEUA3DU2/XT6Sx8jdxuY=
  dependencies:
    parse5 "^6.0.1"

parse5@^6.0.1:
  version "6.0.1"
  resolved "https://registry.nlark.com/parse5/download/parse5-6.0.1.tgz#e1a1c085c569b3dc08321184f19a39cc27f7c30b"
  integrity sha1-4aHAhcVps9wIMhGE8Zo5zCf3wws=

path-is-absolute@1.0.1:
  version "1.0.1"
  resolved "https://registry.nlark.com/path-is-absolute/download/path-is-absolute-1.0.1.tgz"
  integrity sha1-F0uSaHNVNP+8es5r9TpanhtcX18=

tr46@~0.0.3:
  version "0.0.3"
  resolved "https://registry.npmmirror.com/tr46/download/tr46-0.0.3.tgz?cache=0&sync_timestamp=1633302307967&other_urls=https%3A%2F%2Fregistry.npmmirror.com%2Ftr46%2Fdownload%2Ftr46-0.0.3.tgz"
  integrity sha1-gYT9NH2snNwYWZLzpmIuFLnZq2o=

tslib@^2.2.0:
  version "2.3.1"
  resolved "https://registry.npmmirror.com/tslib/download/tslib-2.3.1.tgz#e8a335add5ceae51aa261d32a490158ef042ef01"
  integrity sha512-77EbyPPpMz+FRFRuAFlWMtmgUWGe9UOG2Z25NqCwiIjRhOf5iKGuzSe5P2w1laq+FkRy4p+PCuVkJSGkzTEKVw==

web-streams-polyfill@^3.0.3:
  version "3.2.0"
  resolved "https://registry.npmmirror.com/web-streams-polyfill/download/web-streams-polyfill-3.2.0.tgz"
  integrity sha1-prdAJrOOSIWGn7XFiekLlcz8eWU=

webidl-conversions@^3.0.0:
  version "3.0.1"
  resolved "https://registry.npmmirror.com/webidl-conversions/download/webidl-conversions-3.0.1.tgz"
  integrity sha1-JFNCdeKnvGvnvIZhHMFq4KVlSHE=

whatwg-url@^5.0.0:
  version "5.0.0"
  resolved "https://registry.npmmirror.com/whatwg-url/download/whatwg-url-5.0.0.tgz"
  integrity sha1-lmRU6HZUYuN2RNNib2dCzotwll0=
  dependencies:
    tr46 "~0.0.3"
    webidl-conversions "^3.0.0"
